%{
  "file_system": {:hex, :file_system, "0.2.9", "545b9c9d502e8bfa71a5315fac2a923bd060fd9acb797fe6595f54b0f975fd32", [:mix], [], "hexpm", "3cf87a377fe1d93043adeec4889feacf594957226b4f19d5897096d6f61345d8"},
  "mix_test_watch": {:hex, :mix_test_watch, "1.0.2", "34900184cbbbc6b6ed616ed3a8ea9b791f9fd2088419352a6d3200525637f785", [:mix], [{:file_system, "~> 0.2.1 or ~> 0.3", [hex: :file_system, repo: "hexpm", optional: false]}], "hexpm", "47ac558d8b06f684773972c6d04fcc15590abdb97aeb7666da19fcbfdc441a07"},
  "pollution": {:hex, :pollution, "0.9.2", "3f67542631071c99f807d2a8f9da799c07cd983c902f5357b9e1569c20a26e76", [:mix], [], "hexpm", "6399fd8ffd97dcc3d9d277f60542a234d644d7bcc0d48c8fda93d6be4801bac2"},
  "quixir": {:hex, :quixir, "0.9.3", "f01c37386b9e1d0526f01a8734a6d7884af294a0ec360f05c24c7171d74632bd", [:mix], [{:pollution, "~> 0.9.2", [hex: :pollution, repo: "hexpm", optional: false]}], "hexpm", "4f3a1fe7c82b767d935b3f7b94cf34b91ef78bb487ef256b303d77417fc7d589"},
}
